
Microsoft Visual Studio Solution File, Format Version 12.00
# Visual Studio Version 17
VisualStudioVersion = 17.13.35825.156 d17.13
MinimumVisualStudioVersion = 10.0.40219.1
Project("{FAE04EC0-301F-11D3-BF4B-00C04F79EFBC}") = "Biblioteca2", "Biblioteca2\Biblioteca2.csproj", "{D15481D8-1A67-4257-BB72-35045BA4CA66}"
EndProject
Global
	GlobalSection(SolutionConfigurationPlatforms) = preSolution
		Debug|Any CPU = Debug|Any CPU
		Release|Any CPU = Release|Any CPU
	EndGlobalSection
	GlobalSection(ProjectConfigurationPlatforms) = postSolution
		{D15481D8-1A67-4257-BB72-35045BA4CA66}.Debug|Any CPU.ActiveCfg = Debug|Any CPU
		{D15481D8-1A67-4257-BB72-35045BA4CA66}.Debug|Any CPU.Build.0 = Debug|Any CPU
		{D15481D8-1A67-4257-BB72-35045BA4CA66}.Release|Any CPU.ActiveCfg = Release|Any CPU
		{D15481D8-1A67-4257-BB72-35045BA4CA66}.Release|Any CPU.Build.0 = Release|Any CPU
	EndGlobalSection
	GlobalSection(SolutionProperties) = preSolution
		HideSolutionNode = FALSE
	EndGlobalSection
	GlobalSection(ExtensibilityGlobals) = postSolution
		SolutionGuid = {962AAF05-1879-4C13-A6DC-CCB38417C385}
	EndGlobalSection
EndGlobal
