
Microsoft Visual Studio Solution File, Format Version 12.00
# Visual Studio Version 17
VisualStudioVersion = 17.13.35825.156 d17.13
MinimumVisualStudioVersion = 10.0.40219.1
Project("{FAE04EC0-301F-11D3-BF4B-00C04F79EFBC}") = "Empresa", "Empresa\Empresa.csproj", "{EE7E1AC9-1B90-49D8-AA55-6138CDD0D7EE}"
EndProject
Global
	GlobalSection(SolutionConfigurationPlatforms) = preSolution
		Debug|Any CPU = Debug|Any CPU
		Release|Any CPU = Release|Any CPU
	EndGlobalSection
	GlobalSection(ProjectConfigurationPlatforms) = postSolution
		{EE7E1AC9-1B90-49D8-AA55-6138CDD0D7EE}.Debug|Any CPU.ActiveCfg = Debug|Any CPU
		{EE7E1AC9-1B90-49D8-AA55-6138CDD0D7EE}.Debug|Any CPU.Build.0 = Debug|Any CPU
		{EE7E1AC9-1B90-49D8-AA55-6138CDD0D7EE}.Release|Any CPU.ActiveCfg = Release|Any CPU
		{EE7E1AC9-1B90-49D8-AA55-6138CDD0D7EE}.Release|Any CPU.Build.0 = Release|Any CPU
	EndGlobalSection
	GlobalSection(SolutionProperties) = preSolution
		HideSolutionNode = FALSE
	EndGlobalSection
	GlobalSection(ExtensibilityGlobals) = postSolution
		SolutionGuid = {7999867B-45C0-4335-B8CD-8E07E6BE42C6}
	EndGlobalSection
EndGlobal
